
Microsoft Visual Studio Solution File, Format Version 12.00
# Visual Studio 14
VisualStudioVersion = 14.0.25420.1
MinimumVisualStudioVersion = 10.0.40219.1
Project("{FAE04EC0-301F-11D3-BF4B-00C04F79EFBC}") = "Apiary.Tests", "Apiary.Tests\Apiary.Tests.csproj", "{6F3F8B89-B2A2-4B5B-B17A-BB4A40D68C98}"
EndProject
Project("{FAE04EC0-301F-11D3-BF4B-00C04F79EFBC}") = "Apiary.Client", "Apiary.Client\Apiary.Client.csproj", "{90F1A626-954E-4375-A8B9-BF673188008E}"
EndProject
Project("{FAE04EC0-301F-11D3-BF4B-00C04F79EFBC}") = "Apiary.Interfaces", "Apiary.Interfaces\Apiary.Interfaces.csproj", "{FAC556D9-5B59-4164-B058-B8F08B2088DA}"
EndProject
Project("{FAE04EC0-301F-11D3-BF4B-00C04F79EFBC}") = "Apiary.BeeWorkflowApiary", "Apiary.Implementation\Apiary.BeeWorkflowApiary.csproj", "{118EBA47-B497-431B-B6D6-052EBF016B41}"
EndProject
Project("{2150E333-8FDC-42A3-9474-1A3956D46DE8}") = "Domain", "Domain", "{8356D246-9DDB-4AB8-8859-79E026E6E3F2}"
EndProject
Project("{FAE04EC0-301F-11D3-BF4B-00C04F79EFBC}") = "Apiary.Utilities", "Apiary.Utilities\Apiary.Utilities.csproj", "{94C51A05-19C8-4B69-8DB7-AA1047230AB4}"
EndProject
Project("{FAE04EC0-301F-11D3-BF4B-00C04F79EFBC}") = "Apiary.BeehiveWorkflowApiary", "Apiary.BeehiveWorkflowApiary\Apiary.BeehiveWorkflowApiary.csproj", "{342BB806-A460-4267-A8B3-6E3BCBD4B86A}"
EndProject
Project("{FAE04EC0-301F-11D3-BF4B-00C04F79EFBC}") = "Apiary.MathematicalApiary", "Apiary.MathematicalApiary\Apiary.MathematicalApiary.csproj", "{91518F5B-F4B6-46D8-ABD5-9A3EE670C127}"
EndProject
Global
	GlobalSection(SolutionConfigurationPlatforms) = preSolution
		Debug|Any CPU = Debug|Any CPU
		Debug|ARM = Debug|ARM
		Debug|x64 = Debug|x64
		Debug|x86 = Debug|x86
		Release|Any CPU = Release|Any CPU
		Release|ARM = Release|ARM
		Release|x64 = Release|x64
		Release|x86 = Release|x86
	EndGlobalSection
	GlobalSection(ProjectConfigurationPlatforms) = postSolution
		{6F3F8B89-B2A2-4B5B-B17A-BB4A40D68C98}.Debug|Any CPU.ActiveCfg = Debug|x86
		{6F3F8B89-B2A2-4B5B-B17A-BB4A40D68C98}.Debug|ARM.ActiveCfg = Debug|ARM
		{6F3F8B89-B2A2-4B5B-B17A-BB4A40D68C98}.Debug|ARM.Build.0 = Debug|ARM
		{6F3F8B89-B2A2-4B5B-B17A-BB4A40D68C98}.Debug|ARM.Deploy.0 = Debug|ARM
		{6F3F8B89-B2A2-4B5B-B17A-BB4A40D68C98}.Debug|x64.ActiveCfg = Debug|x64
		{6F3F8B89-B2A2-4B5B-B17A-BB4A40D68C98}.Debug|x64.Build.0 = Debug|x64
		{6F3F8B89-B2A2-4B5B-B17A-BB4A40D68C98}.Debug|x64.Deploy.0 = Debug|x64
		{6F3F8B89-B2A2-4B5B-B17A-BB4A40D68C98}.Debug|x86.ActiveCfg = Debug|x86
		{6F3F8B89-B2A2-4B5B-B17A-BB4A40D68C98}.Debug|x86.Build.0 = Debug|x86
		{6F3F8B89-B2A2-4B5B-B17A-BB4A40D68C98}.Debug|x86.Deploy.0 = Debug|x86
		{6F3F8B89-B2A2-4B5B-B17A-BB4A40D68C98}.Release|Any CPU.ActiveCfg = Release|x86
		{6F3F8B89-B2A2-4B5B-B17A-BB4A40D68C98}.Release|ARM.ActiveCfg = Release|ARM
		{6F3F8B89-B2A2-4B5B-B17A-BB4A40D68C98}.Release|ARM.Build.0 = Release|ARM
		{6F3F8B89-B2A2-4B5B-B17A-BB4A40D68C98}.Release|ARM.Deploy.0 = Release|ARM
		{6F3F8B89-B2A2-4B5B-B17A-BB4A40D68C98}.Release|x64.ActiveCfg = Release|x64
		{6F3F8B89-B2A2-4B5B-B17A-BB4A40D68C98}.Release|x64.Build.0 = Release|x64
		{6F3F8B89-B2A2-4B5B-B17A-BB4A40D68C98}.Release|x64.Deploy.0 = Release|x64
		{6F3F8B89-B2A2-4B5B-B17A-BB4A40D68C98}.Release|x86.ActiveCfg = Release|x86
		{6F3F8B89-B2A2-4B5B-B17A-BB4A40D68C98}.Release|x86.Build.0 = Release|x86
		{6F3F8B89-B2A2-4B5B-B17A-BB4A40D68C98}.Release|x86.Deploy.0 = Release|x86
		{90F1A626-954E-4375-A8B9-BF673188008E}.Debug|Any CPU.ActiveCfg = Debug|x86
		{90F1A626-954E-4375-A8B9-BF673188008E}.Debug|ARM.ActiveCfg = Debug|ARM
		{90F1A626-954E-4375-A8B9-BF673188008E}.Debug|ARM.Build.0 = Debug|ARM
		{90F1A626-954E-4375-A8B9-BF673188008E}.Debug|ARM.Deploy.0 = Debug|ARM
		{90F1A626-954E-4375-A8B9-BF673188008E}.Debug|x64.ActiveCfg = Debug|x64
		{90F1A626-954E-4375-A8B9-BF673188008E}.Debug|x64.Build.0 = Debug|x64
		{90F1A626-954E-4375-A8B9-BF673188008E}.Debug|x64.Deploy.0 = Debug|x64
		{90F1A626-954E-4375-A8B9-BF673188008E}.Debug|x86.ActiveCfg = Debug|x86
		{90F1A626-954E-4375-A8B9-BF673188008E}.Debug|x86.Build.0 = Debug|x86
		{90F1A626-954E-4375-A8B9-BF673188008E}.Debug|x86.Deploy.0 = Debug|x86
		{90F1A626-954E-4375-A8B9-BF673188008E}.Release|Any CPU.ActiveCfg = Release|x86
		{90F1A626-954E-4375-A8B9-BF673188008E}.Release|ARM.ActiveCfg = Release|ARM
		{90F1A626-954E-4375-A8B9-BF673188008E}.Release|ARM.Build.0 = Release|ARM
		{90F1A626-954E-4375-A8B9-BF673188008E}.Release|ARM.Deploy.0 = Release|ARM
		{90F1A626-954E-4375-A8B9-BF673188008E}.Release|x64.ActiveCfg = Release|x64
		{90F1A626-954E-4375-A8B9-BF673188008E}.Release|x64.Build.0 = Release|x64
		{90F1A626-954E-4375-A8B9-BF673188008E}.Release|x64.Deploy.0 = Release|x64
		{90F1A626-954E-4375-A8B9-BF673188008E}.Release|x86.ActiveCfg = Release|x86
		{90F1A626-954E-4375-A8B9-BF673188008E}.Release|x86.Build.0 = Release|x86
		{90F1A626-954E-4375-A8B9-BF673188008E}.Release|x86.Deploy.0 = Release|x86
		{FAC556D9-5B59-4164-B058-B8F08B2088DA}.Debug|Any CPU.ActiveCfg = Debug|Any CPU
		{FAC556D9-5B59-4164-B058-B8F08B2088DA}.Debug|Any CPU.Build.0 = Debug|Any CPU
		{FAC556D9-5B59-4164-B058-B8F08B2088DA}.Debug|ARM.ActiveCfg = Debug|ARM
		{FAC556D9-5B59-4164-B058-B8F08B2088DA}.Debug|ARM.Build.0 = Debug|ARM
		{FAC556D9-5B59-4164-B058-B8F08B2088DA}.Debug|x64.ActiveCfg = Debug|x64
		{FAC556D9-5B59-4164-B058-B8F08B2088DA}.Debug|x64.Build.0 = Debug|x64
		{FAC556D9-5B59-4164-B058-B8F08B2088DA}.Debug|x86.ActiveCfg = Debug|x86
		{FAC556D9-5B59-4164-B058-B8F08B2088DA}.Debug|x86.Build.0 = Debug|x86
		{FAC556D9-5B59-4164-B058-B8F08B2088DA}.Release|Any CPU.ActiveCfg = Release|Any CPU
		{FAC556D9-5B59-4164-B058-B8F08B2088DA}.Release|Any CPU.Build.0 = Release|Any CPU
		{FAC556D9-5B59-4164-B058-B8F08B2088DA}.Release|ARM.ActiveCfg = Release|ARM
		{FAC556D9-5B59-4164-B058-B8F08B2088DA}.Release|ARM.Build.0 = Release|ARM
		{FAC556D9-5B59-4164-B058-B8F08B2088DA}.Release|x64.ActiveCfg = Release|x64
		{FAC556D9-5B59-4164-B058-B8F08B2088DA}.Release|x64.Build.0 = Release|x64
		{FAC556D9-5B59-4164-B058-B8F08B2088DA}.Release|x86.ActiveCfg = Release|x86
		{FAC556D9-5B59-4164-B058-B8F08B2088DA}.Release|x86.Build.0 = Release|x86
		{118EBA47-B497-431B-B6D6-052EBF016B41}.Debug|Any CPU.ActiveCfg = Debug|Any CPU
		{118EBA47-B497-431B-B6D6-052EBF016B41}.Debug|Any CPU.Build.0 = Debug|Any CPU
		{118EBA47-B497-431B-B6D6-052EBF016B41}.Debug|ARM.ActiveCfg = Debug|ARM
		{118EBA47-B497-431B-B6D6-052EBF016B41}.Debug|ARM.Build.0 = Debug|ARM
		{118EBA47-B497-431B-B6D6-052EBF016B41}.Debug|x64.ActiveCfg = Debug|x64
		{118EBA47-B497-431B-B6D6-052EBF016B41}.Debug|x64.Build.0 = Debug|x64
		{118EBA47-B497-431B-B6D6-052EBF016B41}.Debug|x86.ActiveCfg = Debug|x86
		{118EBA47-B497-431B-B6D6-052EBF016B41}.Debug|x86.Build.0 = Debug|x86
		{118EBA47-B497-431B-B6D6-052EBF016B41}.Release|Any CPU.ActiveCfg = Release|Any CPU
		{118EBA47-B497-431B-B6D6-052EBF016B41}.Release|Any CPU.Build.0 = Release|Any CPU
		{118EBA47-B497-431B-B6D6-052EBF016B41}.Release|ARM.ActiveCfg = Release|ARM
		{118EBA47-B497-431B-B6D6-052EBF016B41}.Release|ARM.Build.0 = Release|ARM
		{118EBA47-B497-431B-B6D6-052EBF016B41}.Release|x64.ActiveCfg = Release|x64
		{118EBA47-B497-431B-B6D6-052EBF016B41}.Release|x64.Build.0 = Release|x64
		{118EBA47-B497-431B-B6D6-052EBF016B41}.Release|x86.ActiveCfg = Release|x86
		{118EBA47-B497-431B-B6D6-052EBF016B41}.Release|x86.Build.0 = Release|x86
		{94C51A05-19C8-4B69-8DB7-AA1047230AB4}.Debug|Any CPU.ActiveCfg = Debug|Any CPU
		{94C51A05-19C8-4B69-8DB7-AA1047230AB4}.Debug|Any CPU.Build.0 = Debug|Any CPU
		{94C51A05-19C8-4B69-8DB7-AA1047230AB4}.Debug|ARM.ActiveCfg = Debug|ARM
		{94C51A05-19C8-4B69-8DB7-AA1047230AB4}.Debug|ARM.Build.0 = Debug|ARM
		{94C51A05-19C8-4B69-8DB7-AA1047230AB4}.Debug|x64.ActiveCfg = Debug|x64
		{94C51A05-19C8-4B69-8DB7-AA1047230AB4}.Debug|x64.Build.0 = Debug|x64
		{94C51A05-19C8-4B69-8DB7-AA1047230AB4}.Debug|x86.ActiveCfg = Debug|x86
		{94C51A05-19C8-4B69-8DB7-AA1047230AB4}.Debug|x86.Build.0 = Debug|x86
		{94C51A05-19C8-4B69-8DB7-AA1047230AB4}.Release|Any CPU.ActiveCfg = Release|Any CPU
		{94C51A05-19C8-4B69-8DB7-AA1047230AB4}.Release|Any CPU.Build.0 = Release|Any CPU
		{94C51A05-19C8-4B69-8DB7-AA1047230AB4}.Release|ARM.ActiveCfg = Release|ARM
		{94C51A05-19C8-4B69-8DB7-AA1047230AB4}.Release|ARM.Build.0 = Release|ARM
		{94C51A05-19C8-4B69-8DB7-AA1047230AB4}.Release|x64.ActiveCfg = Release|x64
		{94C51A05-19C8-4B69-8DB7-AA1047230AB4}.Release|x64.Build.0 = Release|x64
		{94C51A05-19C8-4B69-8DB7-AA1047230AB4}.Release|x86.ActiveCfg = Release|x86
		{94C51A05-19C8-4B69-8DB7-AA1047230AB4}.Release|x86.Build.0 = Release|x86
		{342BB806-A460-4267-A8B3-6E3BCBD4B86A}.Debug|Any CPU.ActiveCfg = Debug|Any CPU
		{342BB806-A460-4267-A8B3-6E3BCBD4B86A}.Debug|Any CPU.Build.0 = Debug|Any CPU
		{342BB806-A460-4267-A8B3-6E3BCBD4B86A}.Debug|ARM.ActiveCfg = Debug|ARM
		{342BB806-A460-4267-A8B3-6E3BCBD4B86A}.Debug|ARM.Build.0 = Debug|ARM
		{342BB806-A460-4267-A8B3-6E3BCBD4B86A}.Debug|x64.ActiveCfg = Debug|x64
		{342BB806-A460-4267-A8B3-6E3BCBD4B86A}.Debug|x64.Build.0 = Debug|x64
		{342BB806-A460-4267-A8B3-6E3BCBD4B86A}.Debug|x86.ActiveCfg = Debug|x86
		{342BB806-A460-4267-A8B3-6E3BCBD4B86A}.Debug|x86.Build.0 = Debug|x86
		{342BB806-A460-4267-A8B3-6E3BCBD4B86A}.Release|Any CPU.ActiveCfg = Release|Any CPU
		{342BB806-A460-4267-A8B3-6E3BCBD4B86A}.Release|Any CPU.Build.0 = Release|Any CPU
		{342BB806-A460-4267-A8B3-6E3BCBD4B86A}.Release|ARM.ActiveCfg = Release|ARM
		{342BB806-A460-4267-A8B3-6E3BCBD4B86A}.Release|ARM.Build.0 = Release|ARM
		{342BB806-A460-4267-A8B3-6E3BCBD4B86A}.Release|x64.ActiveCfg = Release|x64
		{342BB806-A460-4267-A8B3-6E3BCBD4B86A}.Release|x64.Build.0 = Release|x64
		{342BB806-A460-4267-A8B3-6E3BCBD4B86A}.Release|x86.ActiveCfg = Release|x86
		{342BB806-A460-4267-A8B3-6E3BCBD4B86A}.Release|x86.Build.0 = Release|x86
		{91518F5B-F4B6-46D8-ABD5-9A3EE670C127}.Debug|Any CPU.ActiveCfg = Debug|Any CPU
		{91518F5B-F4B6-46D8-ABD5-9A3EE670C127}.Debug|Any CPU.Build.0 = Debug|Any CPU
		{91518F5B-F4B6-46D8-ABD5-9A3EE670C127}.Debug|ARM.ActiveCfg = Debug|ARM
		{91518F5B-F4B6-46D8-ABD5-9A3EE670C127}.Debug|ARM.Build.0 = Debug|ARM
		{91518F5B-F4B6-46D8-ABD5-9A3EE670C127}.Debug|x64.ActiveCfg = Debug|x64
		{91518F5B-F4B6-46D8-ABD5-9A3EE670C127}.Debug|x64.Build.0 = Debug|x64
		{91518F5B-F4B6-46D8-ABD5-9A3EE670C127}.Debug|x86.ActiveCfg = Debug|x86
		{91518F5B-F4B6-46D8-ABD5-9A3EE670C127}.Debug|x86.Build.0 = Debug|x86
		{91518F5B-F4B6-46D8-ABD5-9A3EE670C127}.Release|Any CPU.ActiveCfg = Release|Any CPU
		{91518F5B-F4B6-46D8-ABD5-9A3EE670C127}.Release|Any CPU.Build.0 = Release|Any CPU
		{91518F5B-F4B6-46D8-ABD5-9A3EE670C127}.Release|ARM.ActiveCfg = Release|ARM
		{91518F5B-F4B6-46D8-ABD5-9A3EE670C127}.Release|ARM.Build.0 = Release|ARM
		{91518F5B-F4B6-46D8-ABD5-9A3EE670C127}.Release|x64.ActiveCfg = Release|x64
		{91518F5B-F4B6-46D8-ABD5-9A3EE670C127}.Release|x64.Build.0 = Release|x64
		{91518F5B-F4B6-46D8-ABD5-9A3EE670C127}.Release|x86.ActiveCfg = Release|x86
		{91518F5B-F4B6-46D8-ABD5-9A3EE670C127}.Release|x86.Build.0 = Release|x86
	EndGlobalSection
	GlobalSection(SolutionProperties) = preSolution
		HideSolutionNode = FALSE
	EndGlobalSection
	GlobalSection(NestedProjects) = preSolution
		{FAC556D9-5B59-4164-B058-B8F08B2088DA} = {8356D246-9DDB-4AB8-8859-79E026E6E3F2}
		{118EBA47-B497-431B-B6D6-052EBF016B41} = {8356D246-9DDB-4AB8-8859-79E026E6E3F2}
		{342BB806-A460-4267-A8B3-6E3BCBD4B86A} = {8356D246-9DDB-4AB8-8859-79E026E6E3F2}
		{91518F5B-F4B6-46D8-ABD5-9A3EE670C127} = {8356D246-9DDB-4AB8-8859-79E026E6E3F2}
	EndGlobalSection
EndGlobal
